// !$*UTF8*$!
{
	archiveVersion = 1;
	classes = {
	};
	objectVersion = 48;
	objects = {

/* Begin PBXBuildFile section */
		C94880EA1FE12F3100A259EC /* MapController.swift in Sources */ = {isa = PBXBuildFile; fileRef = C94880E91FE12F3100A259EC /* MapController.swift */; };
		C94880EC1FE1384000A259EC /* MapAnnotation.swift in Sources */ = {isa = PBXBuildFile; fileRef = C94880EB1FE1384000A259EC /* MapAnnotation.swift */; };
		C94880EE1FE1416800A259EC /* CutomAnnotationView.swift in Sources */ = {isa = PBXBuildFile; fileRef = C94880ED1FE1416800A259EC /* CutomAnnotationView.swift */; };
		C973FC1C1FDFC9C0003F1E43 /* AppDelegate.swift in Sources */ = {isa = PBXBuildFile; fileRef = C973FC1B1FDFC9C0003F1E43 /* AppDelegate.swift */; };
		C973FC1E1FDFC9C0003F1E43 /* ViewController.swift in Sources */ = {isa = PBXBuildFile; fileRef = C973FC1D1FDFC9C0003F1E43 /* ViewController.swift */; };
		C973FC211FDFC9C0003F1E43 /* Main.storyboard in Resources */ = {isa = PBXBuildFile; fileRef = C973FC1F1FDFC9C0003F1E43 /* Main.storyboard */; };
		C973FC231FDFC9C0003F1E43 /* Assets.xcassets in Resources */ = {isa = PBXBuildFile; fileRef = C973FC221FDFC9C0003F1E43 /* Assets.xcassets */; };
		C973FC261FDFC9C0003F1E43 /* LaunchScreen.storyboard in Resources */ = {isa = PBXBuildFile; fileRef = C973FC241FDFC9C0003F1E43 /* LaunchScreen.storyboard */; };
/* End PBXBuildFile section */

/* Begin PBXFileReference section */
		C94880E91FE12F3100A259EC /* MapController.swift */ = {isa = PBXFileReference; lastKnownFileType = sourcecode.swift; path = MapController.swift; sourceTree = "<group>"; };
		C94880EB1FE1384000A259EC /* MapAnnotation.swift */ = {isa = PBXFileReference; lastKnownFileType = sourcecode.swift; path = MapAnnotation.swift; sourceTree = "<group>"; };
		C94880ED1FE1416800A259EC /* CutomAnnotationView.swift */ = {isa = PBXFileReference; lastKnownFileType = sourcecode.swift; path = CutomAnnotationView.swift; sourceTree = "<group>"; };
		C973FC181FDFC9C0003F1E43 /* WebViewDemo.app */ = {isa = PBXFileReference; explicitFileType = wrapper.application; includeInIndex = 0; path = WebViewDemo.app; sourceTree = BUILT_PRODUCTS_DIR; };
		C973FC1B1FDFC9C0003F1E43 /* AppDelegate.swift */ = {isa = PBXFileReference; lastKnownFileType = sourcecode.swift; path = AppDelegate.swift; sourceTree = "<group>"; };
		C973FC1D1FDFC9C0003F1E43 /* ViewController.swift */ = {isa = PBXFileReference; lastKnownFileType = sourcecode.swift; path = ViewController.swift; sourceTree = "<group>"; };
		C973FC201FDFC9C0003F1E43 /* Base */ = {isa = PBXFileReference; lastKnownFileType = file.storyboard; name = Base; path = Base.lproj/Main.storyboard; sourceTree = "<group>"; };
		C973FC221FDFC9C0003F1E43 /* Assets.xcassets */ = {isa = PBXFileReference; lastKnownFileType = folder.assetcatalog; path = Assets.xcassets; sourceTree = "<group>"; };
		C973FC251FDFC9C0003F1E43 /* Base */ = {isa = PBXFileReference; lastKnownFileType = file.storyboard; name = Base; path = Base.lproj/LaunchScreen.storyboard; sourceTree = "<group>"; };
		C973FC271FDFC9C0003F1E43 /* Info.plist */ = {isa = PBXFileReference; lastKnownFileType = text.plist.xml; path = Info.plist; sourceTree = "<group>"; };
/* End PBXFileReference section */

/* Begin PBXFrameworksBuildPhase section */
		C973FC151FDFC9C0003F1E43 /* Frameworks */ = {
			isa = PBXFrameworksBuildPhase;
			buildActionMask = 2147483647;
			files = (
			);
			runOnlyForDeploymentPostprocessing = 0;
		};
/* End PBXFrameworksBuildPhase section */

/* Begin PBXGroup section */
		C973FC0F1FDFC9C0003F1E43 = {
			isa = PBXGroup;
			children = (
				C973FC1A1FDFC9C0003F1E43 /* WebViewDemo */,
				C973FC191FDFC9C0003F1E43 /* Products */,
			);
			sourceTree = "<group>";
		};
		C973FC191FDFC9C0003F1E43 /* Products */ = {
			isa = PBXGroup;
			children = (
				C973FC181FDFC9C0003F1E43 /* WebViewDemo.app */,
			);
			name = Products;
			sourceTree = "<group>";
		};
		C973FC1A1FDFC9C0003F1E43 /* WebViewDemo */ = {
			isa = PBXGroup;
			children = (
				C973FC1B1FDFC9C0003F1E43 /* AppDelegate.swift */,
				C973FC1D1FDFC9C0003F1E43 /* ViewController.swift */,
				C94880E91FE12F3100A259EC /* MapController.swift */,
				C94880EB1FE1384000A259EC /* MapAnnotation.swift */,
				C94880ED1FE1416800A259EC /* CutomAnnotationView.swift */,
				C973FC1F1FDFC9C0003F1E43 /* Main.storyboard */,
				C973FC221FDFC9C0003F1E43 /* Assets.xcassets */,
				C973FC241FDFC9C0003F1E43 /* LaunchScreen.storyboard */,
				C973FC271FDFC9C0003F1E43 /* Info.plist */,
			);
			path = WebViewDemo;
			sourceTree = "<group>";
		};
/* End PBXGroup section */

/* Begin PBXNativeTarget section */
		C973FC171FDFC9C0003F1E43 /* WebViewDemo */ = {
			isa = PBXNativeTarget;
			buildConfigurationList = C973FC2A1FDFC9C0003F1E43 /* Build configuration list for PBXNativeTarget "WebViewDemo" */;
			buildPhases = (
				C973FC141FDFC9C0003F1E43 /* Sources */,
				C973FC151FDFC9C0003F1E43 /* Frameworks */,
				C973FC161FDFC9C0003F1E43 /* Resources */,
			);
			buildRules = (
			);
			dependencies = (
			);
			name = WebViewDemo;
			productName = WebViewDemo;
			productReference = C973FC181FDFC9C0003F1E43 /* WebViewDemo.app */;
			productType = "com.apple.product-type.application";
		};
/* End PBXNativeTarget section */

/* Begin PBXProject section */
		C973FC101FDFC9C0003F1E43 /* Project object */ = {
			isa = PBXProject;
			attributes = {
				LastSwiftUpdateCheck = 0900;
				LastUpgradeCheck = 0900;
				TargetAttributes = {
					C973FC171FDFC9C0003F1E43 = {
						CreatedOnToolsVersion = 9.0;
						ProvisioningStyle = Automatic;
					};
				};
			};
			buildConfigurationList = C973FC131FDFC9C0003F1E43 /* Build configuration list for PBXProject "WebViewDemo" */;
			compatibilityVersion = "Xcode 8.0";
			developmentRegion = en;
			hasScannedForEncodings = 0;
			knownRegions = (
				en,
				Base,
			);
			mainGroup = C973FC0F1FDFC9C0003F1E43;
			productRefGroup = C973FC191FDFC9C0003F1E43 /* Products */;
			projectDirPath = "";
			projectRoot = "";
			targets = (
				C973FC171FDFC9C0003F1E43 /* WebViewDemo */,
			);
		};
/* End PBXProject section */

/* Begin PBXResourcesBuildPhase section */
		C973FC161FDFC9C0003F1E43 /* Resources */ = {
			isa = PBXResourcesBuildPhase;
			buildActionMask = 2147483647;
			files = (
				C973FC261FDFC9C0003F1E43 /* LaunchScreen.storyboard in Resources */,
				C973FC231FDFC9C0003F1E43 /* Assets.xcassets in Resources */,
				C973FC211FDFC9C0003F1E43 /* Main.storyboard in Resources */,
			);
			runOnlyForDeploymentPostprocessing = 0;
		};
/* End PBXResourcesBuildPhase section */

/* Begin PBXSourcesBuildPhase section */
		C973FC141FDFC9C0003F1E43 /* Sources */ = {
			isa = PBXSourcesBuildPhase;
			buildActionMask = 2147483647;
			files = (
				C973FC1E1FDFC9C0003F1E43 /* ViewController.swift in Sources */,
				C94880EE1FE1416800A259EC /* CutomAnnotationView.swift in Sources */,
				C94880EA1FE12F3100A259EC /* MapController.swift in Sources */,
				C973FC1C1FDFC9C0003F1E43 /* AppDelegate.swift in Sources */,
				C94880EC1FE1384000A259EC /* MapAnnotation.swift in Sources */,
			);
			runOnlyForDeploymentPostprocessing = 0;
		};
/* End PBXSourcesBuildPhase section */

/* Begin PBXVariantGroup section */
		C973FC1F1FDFC9C0003F1E43 /* Main.storyboard */ = {
			isa = PBXVariantGroup;
			children = (
				C973FC201FDFC9C0003F1E43 /* Base */,
			);
			name = Main.storyboard;
			sourceTree = "<group>";
		};
		C973FC241FDFC9C0003F1E43 /* LaunchScreen.storyboard */ = {
			isa = PBXVariantGroup;
			children = (
				C973FC251FDFC9C0003F1E43 /* Base */,
			);
			name = LaunchScreen.storyboard;
			sourceTree = "<group>";
		};
/* End PBXVariantGroup section */

/* Begin XCBuildConfiguration section */
		C973FC281FDFC9C0003F1E43 /* Debug */ = {
			isa = XCBuildConfiguration;
			buildSettings = {
				ALWAYS_SEARCH_USER_PATHS = NO;
				CLANG_ANALYZER_NONNULL = YES;
				CLANG_ANALYZER_NUMBER_OBJECT_CONVERSION = YES_AGGRESSIVE;
				CLANG_CXX_LANGUAGE_STANDARD = "gnu++14";
				CLANG_CXX_LIBRARY = "libc++";
				CLANG_ENABLE_MODULES = YES;
				CLANG_ENABLE_OBJC_ARC = YES;
				CLANG_WARN_BLOCK_CAPTURE_AUTORELEASING = YES;
				CLANG_WARN_BOOL_CONVERSION = YES;
				CLANG_WARN_COMMA = YES;
				CLANG_WARN_CONSTANT_CONVERSION = YES;
				CLANG_WARN_DIRECT_OBJC_ISA_USAGE = YES_ERROR;
				CLANG_WARN_DOCUMENTATION_COMMENTS = YES;
				CLANG_WARN_EMPTY_BODY = YES;
				CLANG_WARN_ENUM_CONVERSION = YES;
				CLANG_WARN_INFINITE_RECURSION = YES;
				CLANG_WARN_INT_CONVERSION = YES;
				CLANG_WARN_NON_LITERAL_NULL_CONVERSION = YES;
				CLANG_WARN_OBJC_LITERAL_CONVERSION = YES;
				CLANG_WARN_OBJC_ROOT_CLASS = YES_ERROR;
				CLANG_WARN_RANGE_LOOP_ANALYSIS = YES;
				CLANG_WARN_STRICT_PROTOTYPES = YES;
				CLANG_WARN_SUSPICIOUS_MOVE = YES;
				CLANG_WARN_UNGUARDED_AVAILABILITY = YES_AGGRESSIVE;
				CLANG_WARN_UNREACHABLE_CODE = YES;
				CLANG_WARN__DUPLICATE_METHOD_MATCH = YES;
				CODE_SIGN_IDENTITY = "iPhone Developer";
				COPY_PHASE_STRIP = NO;
				DEBUG_INFORMATION_FORMAT = dwarf;
				ENABLE_STRICT_OBJC_MSGSEND = YES;
				ENABLE_TESTABILITY = YES;
				GCC_C_LANGUAGE_STANDARD = gnu11;
				GCC_DYNAMIC_NO_PIC = NO;
				GCC_NO_COMMON_BLOCKS = YES;
				GCC_OPTIMIZATION_LEVEL = 0;
				GCC_PREPROCESSOR_DEFINITIONS = (
					"DEBUG=1",
					"$(inherited)",
				);
				GCC_WARN_64_TO_32_BIT_CONVERSION = YES;
				GCC_WARN_ABOUT_RETURN_TYPE = YES_ERROR;
				GCC_WARN_UNDECLARED_SELECTOR = YES;
				GCC_WARN_UNINITIALIZED_AUTOS = YES_AGGRESSIVE;
				GCC_WARN_UNUSED_FUNCTION = YES;
				GCC_WARN_UNUSED_VARIABLE = YES;
				IPHONEOS_DEPLOYMENT_TARGET = 11.0;
				MTL_ENABLE_DEBUG_INFO = YES;
				ONLY_ACTIVE_ARCH = YES;
				SDKROOT = iphoneos;
				SWIFT_ACTIVE_COMPILATION_CONDITIONS = DEBUG;
				SWIFT_OPTIMIZATION_LEVEL = "-Onone";
			};
			name = Debug;
		};
		C973FC291FDFC9C0003F1E43 /* Release */ = {
			isa = XCBuildConfiguration;
			buildSettings = {
				ALWAYS_SEARCH_USER_PATHS = NO;
				CLANG_ANALYZER_NONNULL = YES;
				CLANG_ANALYZER_NUMBER_OBJECT_CONVERSION = YES_AGGRESSIVE;
				CLANG_CXX_LANGUAGE_STANDARD = "gnu++14";
				CLANG_CXX_LIBRARY = "libc++";
				CLANG_ENABLE_MODULES = YES;
				CLANG_ENABLE_OBJC_ARC = YES;
				CLANG_WARN_BLOCK_CAPTURE_AUTORELEASING = YES;
				CLANG_WARN_BOOL_CONVERSION = YES;
				CLANG_WARN_COMMA = YES;
				CLANG_WARN_CONSTANT_CONVERSION = YES;
				CLANG_WARN_DIRECT_OBJC_ISA_USAGE = YES_ERROR;
				CLANG_WARN_DOCUMENTATION_COMMENTS = YES;
				CLANG_WARN_EMPTY_BODY = YES;
				CLANG_WARN_ENUM_CONVERSION = YES;
				CLANG_WARN_INFINITE_RECURSION = YES;
				CLANG_WARN_INT_CONVERSION = YES;
				CLANG_WARN_NON_LITERAL_NULL_CONVERSION = YES;
				CLANG_WARN_OBJC_LITERAL_CONVERSION = YES;
				CLANG_WARN_OBJC_ROOT_CLASS = YES_ERROR;
				CLANG_WARN_RANGE_LOOP_ANALYSIS = YES;
				CLANG_WARN_STRICT_PROTOTYPES = YES;
				CLANG_WARN_SUSPICIOUS_MOVE = YES;
				CLANG_WARN_UNGUARDED_AVAILABILITY = YES_AGGRESSIVE;
				CLANG_WARN_UNREACHABLE_CODE = YES;
				CLANG_WARN__DUPLICATE_METHOD_MATCH = YES;
				CODE_SIGN_IDENTITY = "iPhone Developer";
				COPY_PHASE_STRIP = NO;
				DEBUG_INFORMATION_FORMAT = "dwarf-with-dsym";
				ENABLE_NS_ASSERTIONS = NO;
				ENABLE_STRICT_OBJC_MSGSEND = YES;
				GCC_C_LANGUAGE_STANDARD = gnu11;
				GCC_NO_COMMON_BLOCKS = YES;
				GCC_WARN_64_TO_32_BIT_CONVERSION = YES;
				GCC_WARN_ABOUT_RETURN_TYPE = YES_ERROR;
				GCC_WARN_UNDECLARED_SELECTOR = YES;
				GCC_WARN_UNINITIALIZED_AUTOS = YES_AGGRESSIVE;
				GCC_WARN_UNUSED_FUNCTION = YES;
				GCC_WARN_UNUSED_VARIABLE = YES;
				IPHONEOS_DEPLOYMENT_TARGET = 11.0;
				MTL_ENABLE_DEBUG_INFO = NO;
				SDKROOT = iphoneos;
				SWIFT_OPTIMIZATION_LEVEL = "-Owholemodule";
				VALIDATE_PRODUCT = YES;
			};
			name = Release;
		};
		C973FC2B1FDFC9C0003F1E43 /* Debug */ = {
			isa = XCBuildConfiguration;
			buildSettings = {
				ASSETCATALOG_COMPILER_APPICON_NAME = AppIcon;
				CODE_SIGN_STYLE = Automatic;
				INFOPLIST_FILE = WebViewDemo/Info.plist;
				LD_RUNPATH_SEARCH_PATHS = "$(inherited) @executable_path/Frameworks";
				PRODUCT_BUNDLE_IDENTIFIER = com.agile.test.WebViewDemo;
				PRODUCT_NAME = "$(TARGET_NAME)";
				SWIFT_VERSION = 4.0;
				TARGETED_DEVICE_FAMILY = "1,2";
			};
			name = Debug;
		};
		C973FC2C1FDFC9C0003F1E43 /* Release */ = {
			isa = XCBuildConfiguration;
			buildSettings = {
				ASSETCATALOG_COMPILER_APPICON_NAME = AppIcon;
				CODE_SIGN_STYLE = Automatic;
				INFOPLIST_FILE = WebViewDemo/Info.plist;
				LD_RUNPATH_SEARCH_PATHS = "$(inherited) @executable_path/Frameworks";
				PRODUCT_BUNDLE_IDENTIFIER = com.agile.test.WebViewDemo;
				PRODUCT_NAME = "$(TARGET_NAME)";
				SWIFT_VERSION = 4.0;
				TARGETED_DEVICE_FAMILY = "1,2";
			};
			name = Release;
		};
/* End XCBuildConfiguration section */

/* Begin XCConfigurationList section */
		C973FC131FDFC9C0003F1E43 /* Build configuration list for PBXProject "WebViewDemo" */ = {
			isa = XCConfigurationList;
			buildConfigurations = (
				C973FC281FDFC9C0003F1E43 /* Debug */,
				C973FC291FDFC9C0003F1E43 /* Release */,
			);
			defaultConfigurationIsVisible = 0;
			defaultConfigurationName = Release;
		};
		C973FC2A1FDFC9C0003F1E43 /* Build configuration list for PBXNativeTarget "WebViewDemo" */ = {
			isa = XCConfigurationList;
			buildConfigurations = (
				C973FC2B1FDFC9C0003F1E43 /* Debug */,
				C973FC2C1FDFC9C0003F1E43 /* Release */,
			);
			defaultConfigurationIsVisible = 0;
			defaultConfigurationName = Release;
		};
/* End XCConfigurationList section */
	};
	rootObject = C973FC101FDFC9C0003F1E43 /* Project object */;
}
